
Microsoft Visual Studio Solution File, Format Version 12.00
# Visual Studio Version 17
VisualStudioVersion = 17.1.32210.238
MinimumVisualStudioVersion = 10.0.40219.1
Project("{FAE04EC0-301F-11D3-BF4B-00C04F79EFBC}") = "Branching_practical", "Branching_practical.csproj", "{95DB9421-FE0B-4094-8FFA-030774C20402}"
EndProject
Global
	GlobalSection(SolutionConfigurationPlatforms) = preSolution
		Debug|Any CPU = Debug|Any CPU
		Release|Any CPU = Release|Any CPU
	EndGlobalSection
	GlobalSection(ProjectConfigurationPlatforms) = postSolution
		{95DB9421-FE0B-4094-8FFA-030774C20402}.Debug|Any CPU.ActiveCfg = Debug|Any CPU
		{95DB9421-FE0B-4094-8FFA-030774C20402}.Debug|Any CPU.Build.0 = Debug|Any CPU
		{95DB9421-FE0B-4094-8FFA-030774C20402}.Release|Any CPU.ActiveCfg = Release|Any CPU
		{95DB9421-FE0B-4094-8FFA-030774C20402}.Release|Any CPU.Build.0 = Release|Any CPU
	EndGlobalSection
	GlobalSection(SolutionProperties) = preSolution
		HideSolutionNode = FALSE
	EndGlobalSection
	GlobalSection(ExtensibilityGlobals) = postSolution
		SolutionGuid = {BCC38DEF-E555-4B19-916F-8BE663B5803D}
	EndGlobalSection
EndGlobal
